// !$*UTF8*$!
{
	archiveVersion = 1;
	classes = {
	};
	objectVersion = 50;
	objects = {

/* Begin PBXBuildFile section */
		FD1C0ABC24E170E00067627E /* API_Requests.swift in Sources */ = {isa = PBXBuildFile; fileRef = FD1C0ABB24E170E00067627E /* API_Requests.swift */; };
		FD1C0AC324E5C6790067627E /* Utilities.swift in Sources */ = {isa = PBXBuildFile; fileRef = FD1C0ABF24E5C6790067627E /* Utilities.swift */; };
		FD1C0AC424E5C6790067627E /* Style+iPad.swift in Sources */ = {isa = PBXBuildFile; fileRef = FD1C0AC024E5C6790067627E /* Style+iPad.swift */; };
		FD1C0AC524E5C6790067627E /* Style.swift in Sources */ = {isa = PBXBuildFile; fileRef = FD1C0AC124E5C6790067627E /* Style.swift */; };
		FD1C0AC624E5C6790067627E /* Style+iPhone.swift in Sources */ = {isa = PBXBuildFile; fileRef = FD1C0AC224E5C6790067627E /* Style+iPhone.swift */; };
		FDC9F8B824D7A13E00BFD3C7 /* AppDelegate.swift in Sources */ = {isa = PBXBuildFile; fileRef = FDC9F8B724D7A13E00BFD3C7 /* AppDelegate.swift */; };
		FDC9F8BA24D7A13E00BFD3C7 /* SceneDelegate.swift in Sources */ = {isa = PBXBuildFile; fileRef = FDC9F8B924D7A13E00BFD3C7 /* SceneDelegate.swift */; };
		FDC9F8BC24D7A13E00BFD3C7 /* ViewController.swift in Sources */ = {isa = PBXBuildFile; fileRef = FDC9F8BB24D7A13E00BFD3C7 /* ViewController.swift */; };
		FDC9F8BF24D7A13E00BFD3C7 /* Main.storyboard in Resources */ = {isa = PBXBuildFile; fileRef = FDC9F8BD24D7A13E00BFD3C7 /* Main.storyboard */; };
		FDC9F8C124D7A14200BFD3C7 /* Assets.xcassets in Resources */ = {isa = PBXBuildFile; fileRef = FDC9F8C024D7A14200BFD3C7 /* Assets.xcassets */; };
		FDC9F8C424D7A14200BFD3C7 /* LaunchScreen.storyboard in Resources */ = {isa = PBXBuildFile; fileRef = FDC9F8C224D7A14200BFD3C7 /* LaunchScreen.storyboard */; };
/* End PBXBuildFile section */

/* Begin PBXFileReference section */
		FD1C0ABB24E170E00067627E /* API_Requests.swift */ = {isa = PBXFileReference; lastKnownFileType = sourcecode.swift; path = API_Requests.swift; sourceTree = "<group>"; };
		FD1C0ABF24E5C6790067627E /* Utilities.swift */ = {isa = PBXFileReference; fileEncoding = 4; lastKnownFileType = sourcecode.swift; path = Utilities.swift; sourceTree = "<group>"; };
		FD1C0AC024E5C6790067627E /* Style+iPad.swift */ = {isa = PBXFileReference; fileEncoding = 4; lastKnownFileType = sourcecode.swift; path = "Style+iPad.swift"; sourceTree = "<group>"; };
		FD1C0AC124E5C6790067627E /* Style.swift */ = {isa = PBXFileReference; fileEncoding = 4; lastKnownFileType = sourcecode.swift; path = Style.swift; sourceTree = "<group>"; };
		FD1C0AC224E5C6790067627E /* Style+iPhone.swift */ = {isa = PBXFileReference; fileEncoding = 4; lastKnownFileType = sourcecode.swift; path = "Style+iPhone.swift"; sourceTree = "<group>"; };
		FDC9F8B424D7A13E00BFD3C7 /* API Requests.app */ = {isa = PBXFileReference; explicitFileType = wrapper.application; includeInIndex = 0; path = "API Requests.app"; sourceTree = BUILT_PRODUCTS_DIR; };
		FDC9F8B724D7A13E00BFD3C7 /* AppDelegate.swift */ = {isa = PBXFileReference; lastKnownFileType = sourcecode.swift; path = AppDelegate.swift; sourceTree = "<group>"; };
		FDC9F8B924D7A13E00BFD3C7 /* SceneDelegate.swift */ = {isa = PBXFileReference; lastKnownFileType = sourcecode.swift; path = SceneDelegate.swift; sourceTree = "<group>"; };
		FDC9F8BB24D7A13E00BFD3C7 /* ViewController.swift */ = {isa = PBXFileReference; lastKnownFileType = sourcecode.swift; path = ViewController.swift; sourceTree = "<group>"; };
		FDC9F8BE24D7A13E00BFD3C7 /* Base */ = {isa = PBXFileReference; lastKnownFileType = file.storyboard; name = Base; path = Base.lproj/Main.storyboard; sourceTree = "<group>"; };
		FDC9F8C024D7A14200BFD3C7 /* Assets.xcassets */ = {isa = PBXFileReference; lastKnownFileType = folder.assetcatalog; path = Assets.xcassets; sourceTree = "<group>"; };
		FDC9F8C324D7A14200BFD3C7 /* Base */ = {isa = PBXFileReference; lastKnownFileType = file.storyboard; name = Base; path = Base.lproj/LaunchScreen.storyboard; sourceTree = "<group>"; };
		FDC9F8C524D7A14200BFD3C7 /* Info.plist */ = {isa = PBXFileReference; lastKnownFileType = text.plist.xml; path = Info.plist; sourceTree = "<group>"; };
/* End PBXFileReference section */

/* Begin PBXFrameworksBuildPhase section */
		FDC9F8B124D7A13E00BFD3C7 /* Frameworks */ = {
			isa = PBXFrameworksBuildPhase;
			buildActionMask = 2147483647;
			files = (
			);
			runOnlyForDeploymentPostprocessing = 0;
		};
/* End PBXFrameworksBuildPhase section */

/* Begin PBXGroup section */
		FD1C0ABD24E5C6790067627E /* Support Files */ = {
			isa = PBXGroup;
			children = (
				FD1C0ABE24E5C6790067627E /* Styling UI */,
			);
			path = "Support Files";
			sourceTree = "<group>";
		};
		FD1C0ABE24E5C6790067627E /* Styling UI */ = {
			isa = PBXGroup;
			children = (
				FD1C0ABF24E5C6790067627E /* Utilities.swift */,
				FD1C0AC024E5C6790067627E /* Style+iPad.swift */,
				FD1C0AC124E5C6790067627E /* Style.swift */,
				FD1C0AC224E5C6790067627E /* Style+iPhone.swift */,
			);
			path = "Styling UI";
			sourceTree = "<group>";
		};
		FDC9F8AB24D7A13E00BFD3C7 = {
			isa = PBXGroup;
			children = (
				FDC9F8B624D7A13E00BFD3C7 /* API Requests */,
				FDC9F8B524D7A13E00BFD3C7 /* Products */,
			);
			sourceTree = "<group>";
		};
		FDC9F8B524D7A13E00BFD3C7 /* Products */ = {
			isa = PBXGroup;
			children = (
				FDC9F8B424D7A13E00BFD3C7 /* API Requests.app */,
			);
			name = Products;
			sourceTree = "<group>";
		};
		FDC9F8B624D7A13E00BFD3C7 /* API Requests */ = {
			isa = PBXGroup;
			children = (
				FDC9F8B724D7A13E00BFD3C7 /* AppDelegate.swift */,
				FDC9F8B924D7A13E00BFD3C7 /* SceneDelegate.swift */,
				FDC9F8BB24D7A13E00BFD3C7 /* ViewController.swift */,
				FD1C0ABB24E170E00067627E /* API_Requests.swift */,
				FDC9F8BD24D7A13E00BFD3C7 /* Main.storyboard */,
				FD1C0ABD24E5C6790067627E /* Support Files */,
				FDC9F8C024D7A14200BFD3C7 /* Assets.xcassets */,
				FDC9F8C224D7A14200BFD3C7 /* LaunchScreen.storyboard */,
				FDC9F8C524D7A14200BFD3C7 /* Info.plist */,
			);
			path = "API Requests";
			sourceTree = "<group>";
		};
/* End PBXGroup section */

/* Begin PBXNativeTarget section */
		FDC9F8B324D7A13E00BFD3C7 /* API Requests */ = {
			isa = PBXNativeTarget;
			buildConfigurationList = FDC9F8C824D7A14200BFD3C7 /* Build configuration list for PBXNativeTarget "API Requests" */;
			buildPhases = (
				FDC9F8B024D7A13E00BFD3C7 /* Sources */,
				FDC9F8B124D7A13E00BFD3C7 /* Frameworks */,
				FDC9F8B224D7A13E00BFD3C7 /* Resources */,
			);
			buildRules = (
			);
			dependencies = (
			);
			name = "API Requests";
			productName = "API Requests";
			productReference = FDC9F8B424D7A13E00BFD3C7 /* API Requests.app */;
			productType = "com.apple.product-type.application";
		};
/* End PBXNativeTarget section */

/* Begin PBXProject section */
		FDC9F8AC24D7A13E00BFD3C7 /* Project object */ = {
			isa = PBXProject;
			attributes = {
				LastSwiftUpdateCheck = 1160;
				LastUpgradeCheck = 1160;
				ORGANIZATIONNAME = "Walter Dickson";
				TargetAttributes = {
					FDC9F8B324D7A13E00BFD3C7 = {
						CreatedOnToolsVersion = 11.6;
					};
				};
			};
			buildConfigurationList = FDC9F8AF24D7A13E00BFD3C7 /* Build configuration list for PBXProject "API Requests" */;
			compatibilityVersion = "Xcode 9.3";
			developmentRegion = en;
			hasScannedForEncodings = 0;
			knownRegions = (
				en,
				Base,
			);
			mainGroup = FDC9F8AB24D7A13E00BFD3C7;
			productRefGroup = FDC9F8B524D7A13E00BFD3C7 /* Products */;
			projectDirPath = "";
			projectRoot = "";
			targets = (
				FDC9F8B324D7A13E00BFD3C7 /* API Requests */,
			);
		};
/* End PBXProject section */

/* Begin PBXResourcesBuildPhase section */
		FDC9F8B224D7A13E00BFD3C7 /* Resources */ = {
			isa = PBXResourcesBuildPhase;
			buildActionMask = 2147483647;
			files = (
				FDC9F8C424D7A14200BFD3C7 /* LaunchScreen.storyboard in Resources */,
				FDC9F8C124D7A14200BFD3C7 /* Assets.xcassets in Resources */,
				FDC9F8BF24D7A13E00BFD3C7 /* Main.storyboard in Resources */,
			);
			runOnlyForDeploymentPostprocessing = 0;
		};
/* End PBXResourcesBuildPhase section */

/* Begin PBXSourcesBuildPhase section */
		FDC9F8B024D7A13E00BFD3C7 /* Sources */ = {
			isa = PBXSourcesBuildPhase;
			buildActionMask = 2147483647;
			files = (
				FDC9F8BC24D7A13E00BFD3C7 /* ViewController.swift in Sources */,
				FDC9F8B824D7A13E00BFD3C7 /* AppDelegate.swift in Sources */,
				FD1C0ABC24E170E00067627E /* API_Requests.swift in Sources */,
				FD1C0AC324E5C6790067627E /* Utilities.swift in Sources */,
				FD1C0AC624E5C6790067627E /* Style+iPhone.swift in Sources */,
				FDC9F8BA24D7A13E00BFD3C7 /* SceneDelegate.swift in Sources */,
				FD1C0AC524E5C6790067627E /* Style.swift in Sources */,
				FD1C0AC424E5C6790067627E /* Style+iPad.swift in Sources */,
			);
			runOnlyForDeploymentPostprocessing = 0;
		};
/* End PBXSourcesBuildPhase section */

/* Begin PBXVariantGroup section */
		FDC9F8BD24D7A13E00BFD3C7 /* Main.storyboard */ = {
			isa = PBXVariantGroup;
			children = (
				FDC9F8BE24D7A13E00BFD3C7 /* Base */,
			);
			name = Main.storyboard;
			sourceTree = "<group>";
		};
		FDC9F8C224D7A14200BFD3C7 /* LaunchScreen.storyboard */ = {
			isa = PBXVariantGroup;
			children = (
				FDC9F8C324D7A14200BFD3C7 /* Base */,
			);
			name = LaunchScreen.storyboard;
			sourceTree = "<group>";
		};
/* End PBXVariantGroup section */

/* Begin XCBuildConfiguration section */
		FDC9F8C624D7A14200BFD3C7 /* Debug */ = {
			isa = XCBuildConfiguration;
			buildSettings = {
				ALWAYS_SEARCH_USER_PATHS = NO;
				CLANG_ANALYZER_NONNULL = YES;
				CLANG_ANALYZER_NUMBER_OBJECT_CONVERSION = YES_AGGRESSIVE;
				CLANG_CXX_LANGUAGE_STANDARD = "gnu++14";
				CLANG_CXX_LIBRARY = "libc++";
				CLANG_ENABLE_MODULES = YES;
				CLANG_ENABLE_OBJC_ARC = YES;
				CLANG_ENABLE_OBJC_WEAK = YES;
				CLANG_WARN_BLOCK_CAPTURE_AUTORELEASING = YES;
				CLANG_WARN_BOOL_CONVERSION = YES;
				CLANG_WARN_COMMA = YES;
				CLANG_WARN_CONSTANT_CONVERSION = YES;
				CLANG_WARN_DEPRECATED_OBJC_IMPLEMENTATIONS = YES;
				CLANG_WARN_DIRECT_OBJC_ISA_USAGE = YES_ERROR;
				CLANG_WARN_DOCUMENTATION_COMMENTS = YES;
				CLANG_WARN_EMPTY_BODY = YES;
				CLANG_WARN_ENUM_CONVERSION = YES;
				CLANG_WARN_INFINITE_RECURSION = YES;
				CLANG_WARN_INT_CONVERSION = YES;
				CLANG_WARN_NON_LITERAL_NULL_CONVERSION = YES;
				CLANG_WARN_OBJC_IMPLICIT_RETAIN_SELF = YES;
				CLANG_WARN_OBJC_LITERAL_CONVERSION = YES;
				CLANG_WARN_OBJC_ROOT_CLASS = YES_ERROR;
				CLANG_WARN_RANGE_LOOP_ANALYSIS = YES;
				CLANG_WARN_STRICT_PROTOTYPES = YES;
				CLANG_WARN_SUSPICIOUS_MOVE = YES;
				CLANG_WARN_UNGUARDED_AVAILABILITY = YES_AGGRESSIVE;
				CLANG_WARN_UNREACHABLE_CODE = YES;
				CLANG_WARN__DUPLICATE_METHOD_MATCH = YES;
				COPY_PHASE_STRIP = NO;
				DEBUG_INFORMATION_FORMAT = dwarf;
				ENABLE_STRICT_OBJC_MSGSEND = YES;
				ENABLE_TESTABILITY = YES;
				GCC_C_LANGUAGE_STANDARD = gnu11;
				GCC_DYNAMIC_NO_PIC = NO;
				GCC_NO_COMMON_BLOCKS = YES;
				GCC_OPTIMIZATION_LEVEL = 0;
				GCC_PREPROCESSOR_DEFINITIONS = (
					"DEBUG=1",
					"$(inherited)",
				);
				GCC_WARN_64_TO_32_BIT_CONVERSION = YES;
				GCC_WARN_ABOUT_RETURN_TYPE = YES_ERROR;
				GCC_WARN_UNDECLARED_SELECTOR = YES;
				GCC_WARN_UNINITIALIZED_AUTOS = YES_AGGRESSIVE;
				GCC_WARN_UNUSED_FUNCTION = YES;
				GCC_WARN_UNUSED_VARIABLE = YES;
				IPHONEOS_DEPLOYMENT_TARGET = 13.6;
				MTL_ENABLE_DEBUG_INFO = INCLUDE_SOURCE;
				MTL_FAST_MATH = YES;
				ONLY_ACTIVE_ARCH = YES;
				SDKROOT = iphoneos;
				SWIFT_ACTIVE_COMPILATION_CONDITIONS = DEBUG;
				SWIFT_OPTIMIZATION_LEVEL = "-Onone";
			};
			name = Debug;
		};
		FDC9F8C724D7A14200BFD3C7 /* Release */ = {
			isa = XCBuildConfiguration;
			buildSettings = {
				ALWAYS_SEARCH_USER_PATHS = NO;
				CLANG_ANALYZER_NONNULL = YES;
				CLANG_ANALYZER_NUMBER_OBJECT_CONVERSION = YES_AGGRESSIVE;
				CLANG_CXX_LANGUAGE_STANDARD = "gnu++14";
				CLANG_CXX_LIBRARY = "libc++";
				CLANG_ENABLE_MODULES = YES;
				CLANG_ENABLE_OBJC_ARC = YES;
				CLANG_ENABLE_OBJC_WEAK = YES;
				CLANG_WARN_BLOCK_CAPTURE_AUTORELEASING = YES;
				CLANG_WARN_BOOL_CONVERSION = YES;
				CLANG_WARN_COMMA = YES;
				CLANG_WARN_CONSTANT_CONVERSION = YES;
				CLANG_WARN_DEPRECATED_OBJC_IMPLEMENTATIONS = YES;
				CLANG_WARN_DIRECT_OBJC_ISA_USAGE = YES_ERROR;
				CLANG_WARN_DOCUMENTATION_COMMENTS = YES;
				CLANG_WARN_EMPTY_BODY = YES;
				CLANG_WARN_ENUM_CONVERSION = YES;
				CLANG_WARN_INFINITE_RECURSION = YES;
				CLANG_WARN_INT_CONVERSION = YES;
				CLANG_WARN_NON_LITERAL_NULL_CONVERSION = YES;
				CLANG_WARN_OBJC_IMPLICIT_RETAIN_SELF = YES;
				CLANG_WARN_OBJC_LITERAL_CONVERSION = YES;
				CLANG_WARN_OBJC_ROOT_CLASS = YES_ERROR;
				CLANG_WARN_RANGE_LOOP_ANALYSIS = YES;
				CLANG_WARN_STRICT_PROTOTYPES = YES;
				CLANG_WARN_SUSPICIOUS_MOVE = YES;
				CLANG_WARN_UNGUARDED_AVAILABILITY = YES_AGGRESSIVE;
				CLANG_WARN_UNREACHABLE_CODE = YES;
				CLANG_WARN__DUPLICATE_METHOD_MATCH = YES;
				COPY_PHASE_STRIP = NO;
				DEBUG_INFORMATION_FORMAT = "dwarf-with-dsym";
				ENABLE_NS_ASSERTIONS = NO;
				ENABLE_STRICT_OBJC_MSGSEND = YES;
				GCC_C_LANGUAGE_STANDARD = gnu11;
				GCC_NO_COMMON_BLOCKS = YES;
				GCC_WARN_64_TO_32_BIT_CONVERSION = YES;
				GCC_WARN_ABOUT_RETURN_TYPE = YES_ERROR;
				GCC_WARN_UNDECLARED_SELECTOR = YES;
				GCC_WARN_UNINITIALIZED_AUTOS = YES_AGGRESSIVE;
				GCC_WARN_UNUSED_FUNCTION = YES;
				GCC_WARN_UNUSED_VARIABLE = YES;
				IPHONEOS_DEPLOYMENT_TARGET = 13.6;
				MTL_ENABLE_DEBUG_INFO = NO;
				MTL_FAST_MATH = YES;
				SDKROOT = iphoneos;
				SWIFT_COMPILATION_MODE = wholemodule;
				SWIFT_OPTIMIZATION_LEVEL = "-O";
				VALIDATE_PRODUCT = YES;
			};
			name = Release;
		};
		FDC9F8C924D7A14200BFD3C7 /* Debug */ = {
			isa = XCBuildConfiguration;
			buildSettings = {
				ASSETCATALOG_COMPILER_APPICON_NAME = AppIcon;
				CODE_SIGN_STYLE = Automatic;
				DEVELOPMENT_TEAM = HR45AY479F;
				INFOPLIST_FILE = "API Requests/Info.plist";
				LD_RUNPATH_SEARCH_PATHS = (
					"$(inherited)",
					"@executable_path/Frameworks",
				);
				PRODUCT_BUNDLE_IDENTIFIER = "waltdickson.API-Requests";
				PRODUCT_NAME = "$(TARGET_NAME)";
				SWIFT_VERSION = 5.0;
				TARGETED_DEVICE_FAMILY = "1,2";
			};
			name = Debug;
		};
		FDC9F8CA24D7A14200BFD3C7 /* Release */ = {
			isa = XCBuildConfiguration;
			buildSettings = {
				ASSETCATALOG_COMPILER_APPICON_NAME = AppIcon;
				CODE_SIGN_STYLE = Automatic;
				DEVELOPMENT_TEAM = HR45AY479F;
				INFOPLIST_FILE = "API Requests/Info.plist";
				LD_RUNPATH_SEARCH_PATHS = (
					"$(inherited)",
					"@executable_path/Frameworks",
				);
				PRODUCT_BUNDLE_IDENTIFIER = "waltdickson.API-Requests";
				PRODUCT_NAME = "$(TARGET_NAME)";
				SWIFT_VERSION = 5.0;
				TARGETED_DEVICE_FAMILY = "1,2";
			};
			name = Release;
		};
/* End XCBuildConfiguration section */

/* Begin XCConfigurationList section */
		FDC9F8AF24D7A13E00BFD3C7 /* Build configuration list for PBXProject "API Requests" */ = {
			isa = XCConfigurationList;
			buildConfigurations = (
				FDC9F8C624D7A14200BFD3C7 /* Debug */,
				FDC9F8C724D7A14200BFD3C7 /* Release */,
			);
			defaultConfigurationIsVisible = 0;
			defaultConfigurationName = Release;
		};
		FDC9F8C824D7A14200BFD3C7 /* Build configuration list for PBXNativeTarget "API Requests" */ = {
			isa = XCConfigurationList;
			buildConfigurations = (
				FDC9F8C924D7A14200BFD3C7 /* Debug */,
				FDC9F8CA24D7A14200BFD3C7 /* Release */,
			);
			defaultConfigurationIsVisible = 0;
			defaultConfigurationName = Release;
		};
/* End XCConfigurationList section */
	};
	rootObject = FDC9F8AC24D7A13E00BFD3C7 /* Project object */;
}
